// !$*UTF8*$!
{
	archiveVersion = 1;
	classes = {
	};
	objectVersion = 51;
	objects = {

/* Begin PBXBuildFile section */
		3A24495A2127113600B01894 /* AppDelegate.swift in Sources */ = {isa = PBXBuildFile; fileRef = 3A2449592127113600B01894 /* AppDelegate.swift */; };
		3A24495C2127113600B01894 /* WelcomeViewController.swift in Sources */ = {isa = PBXBuildFile; fileRef = 3A24495B2127113600B01894 /* WelcomeViewController.swift */; };
		3A2449612127113800B01894 /* Assets.xcassets in Resources */ = {isa = PBXBuildFile; fileRef = 3A2449602127113800B01894 /* Assets.xcassets */; };
		3A2449642127113800B01894 /* LaunchScreen.storyboard in Resources */ = {isa = PBXBuildFile; fileRef = 3A2449622127113800B01894 /* LaunchScreen.storyboard */; };
		3A8F7CC521271CC600900C5D /* UIColor+hex.swift in Sources */ = {isa = PBXBuildFile; fileRef = 3A8F7CC421271CC600900C5D /* UIColor+hex.swift */; };
		3ADDC6A42127F20C0065FC35 /* AppCoordinator.swift in Sources */ = {isa = PBXBuildFile; fileRef = 3ADDC6A32127F20C0065FC35 /* AppCoordinator.swift */; };
		3ADDC6A82127F4570065FC35 /* MainRoute.swift in Sources */ = {isa = PBXBuildFile; fileRef = 3ADDC6A72127F4570065FC35 /* MainRoute.swift */; };
		3ADDC6AC2127FD4C0065FC35 /* ViewConstructor.swift in Sources */ = {isa = PBXBuildFile; fileRef = 3ADDC6AB2127FD4C0065FC35 /* ViewConstructor.swift */; };
		3ADDC6B02127FE170065FC35 /* OnboardingButton.swift in Sources */ = {isa = PBXBuildFile; fileRef = 3ADDC6AF2127FE170065FC35 /* OnboardingButton.swift */; };
		E268FBEB9FBC655B80D85278 /* Pods_langlog.framework in Frameworks */ = {isa = PBXBuildFile; fileRef = 92914CDE95A8F32CFBA9A260 /* Pods_langlog.framework */; };
/* End PBXBuildFile section */

/* Begin PBXFileReference section */
		3A2449562127113600B01894 /* langlog.app */ = {isa = PBXFileReference; explicitFileType = wrapper.application; includeInIndex = 0; path = langlog.app; sourceTree = BUILT_PRODUCTS_DIR; };
		3A2449592127113600B01894 /* AppDelegate.swift */ = {isa = PBXFileReference; lastKnownFileType = sourcecode.swift; path = AppDelegate.swift; sourceTree = "<group>"; };
		3A24495B2127113600B01894 /* WelcomeViewController.swift */ = {isa = PBXFileReference; lastKnownFileType = sourcecode.swift; path = WelcomeViewController.swift; sourceTree = "<group>"; };
		3A2449602127113800B01894 /* Assets.xcassets */ = {isa = PBXFileReference; lastKnownFileType = folder.assetcatalog; path = Assets.xcassets; sourceTree = "<group>"; };
		3A2449632127113800B01894 /* Base */ = {isa = PBXFileReference; lastKnownFileType = file.storyboard; name = Base; path = Base.lproj/LaunchScreen.storyboard; sourceTree = "<group>"; };
		3A2449652127113800B01894 /* Info.plist */ = {isa = PBXFileReference; lastKnownFileType = text.plist.xml; path = Info.plist; sourceTree = "<group>"; };
		3A8F7CC421271CC600900C5D /* UIColor+hex.swift */ = {isa = PBXFileReference; lastKnownFileType = sourcecode.swift; path = "UIColor+hex.swift"; sourceTree = "<group>"; };
		3ADDC6A32127F20C0065FC35 /* AppCoordinator.swift */ = {isa = PBXFileReference; lastKnownFileType = sourcecode.swift; path = AppCoordinator.swift; sourceTree = "<group>"; };
		3ADDC6A72127F4570065FC35 /* MainRoute.swift */ = {isa = PBXFileReference; lastKnownFileType = sourcecode.swift; path = MainRoute.swift; sourceTree = "<group>"; };
		3ADDC6AB2127FD4C0065FC35 /* ViewConstructor.swift */ = {isa = PBXFileReference; lastKnownFileType = sourcecode.swift; path = ViewConstructor.swift; sourceTree = "<group>"; };
		3ADDC6AF2127FE170065FC35 /* OnboardingButton.swift */ = {isa = PBXFileReference; lastKnownFileType = sourcecode.swift; path = OnboardingButton.swift; sourceTree = "<group>"; };
		92914CDE95A8F32CFBA9A260 /* Pods_langlog.framework */ = {isa = PBXFileReference; explicitFileType = wrapper.framework; includeInIndex = 0; path = Pods_langlog.framework; sourceTree = BUILT_PRODUCTS_DIR; };
		CA7197FB79A256A0458435B6 /* Pods-langlog.debug.xcconfig */ = {isa = PBXFileReference; includeInIndex = 1; lastKnownFileType = text.xcconfig; name = "Pods-langlog.debug.xcconfig"; path = "Pods/Target Support Files/Pods-langlog/Pods-langlog.debug.xcconfig"; sourceTree = "<group>"; };
		E000F4838B0ECA1E1FBE8722 /* Pods-langlog.release.xcconfig */ = {isa = PBXFileReference; includeInIndex = 1; lastKnownFileType = text.xcconfig; name = "Pods-langlog.release.xcconfig"; path = "Pods/Target Support Files/Pods-langlog/Pods-langlog.release.xcconfig"; sourceTree = "<group>"; };
/* End PBXFileReference section */

/* Begin PBXFrameworksBuildPhase section */
		3A2449532127113600B01894 /* Frameworks */ = {
			isa = PBXFrameworksBuildPhase;
			buildActionMask = 2147483647;
			files = (
				E268FBEB9FBC655B80D85278 /* Pods_langlog.framework in Frameworks */,
			);
			runOnlyForDeploymentPostprocessing = 0;
		};
/* End PBXFrameworksBuildPhase section */

/* Begin PBXGroup section */
		3A24494D2127113600B01894 = {
			isa = PBXGroup;
			children = (
				3A2449582127113600B01894 /* langlog */,
				3A2449572127113600B01894 /* Products */,
				F4C59BEA2302ACDF043B53E5 /* Pods */,
				E9B72AC7F44E8506B36EC352 /* Frameworks */,
			);
			sourceTree = "<group>";
		};
		3A2449572127113600B01894 /* Products */ = {
			isa = PBXGroup;
			children = (
				3A2449562127113600B01894 /* langlog.app */,
			);
			name = Products;
			sourceTree = "<group>";
		};
		3A2449582127113600B01894 /* langlog */ = {
			isa = PBXGroup;
			children = (
				3ADDC6A52127F2A60065FC35 /* App */,
				3ADDC6AD2127FDB90065FC35 /* UI */,
				3A8F7CC321271CB300900C5D /* Extensions */,
				3ADDC6AA2127FD370065FC35 /* Protocols */,
				3A2449602127113800B01894 /* Assets.xcassets */,
				3A2449622127113800B01894 /* LaunchScreen.storyboard */,
				3A2449652127113800B01894 /* Info.plist */,
			);
			path = langlog;
			sourceTree = "<group>";
		};
		3A8F7CC321271CB300900C5D /* Extensions */ = {
			isa = PBXGroup;
			children = (
				3A8F7CC421271CC600900C5D /* UIColor+hex.swift */,
			);
			path = Extensions;
			sourceTree = "<group>";
		};
		3ADDC6A52127F2A60065FC35 /* App */ = {
			isa = PBXGroup;
			children = (
				3ADDC6A92127F89F0065FC35 /* Welcome */,
				3ADDC6A62127F4000065FC35 /* Main */,
			);
			path = App;
			sourceTree = "<group>";
		};
		3ADDC6A62127F4000065FC35 /* Main */ = {
			isa = PBXGroup;
			children = (
				3A2449592127113600B01894 /* AppDelegate.swift */,
				3ADDC6A32127F20C0065FC35 /* AppCoordinator.swift */,
				3ADDC6A72127F4570065FC35 /* MainRoute.swift */,
			);
			path = Main;
			sourceTree = "<group>";
		};
		3ADDC6A92127F89F0065FC35 /* Welcome */ = {
			isa = PBXGroup;
			children = (
				3A24495B2127113600B01894 /* WelcomeViewController.swift */,
			);
			path = Welcome;
			sourceTree = "<group>";
		};
		3ADDC6AA2127FD370065FC35 /* Protocols */ = {
			isa = PBXGroup;
			children = (
				3ADDC6AB2127FD4C0065FC35 /* ViewConstructor.swift */,
			);
			path = Protocols;
			sourceTree = "<group>";
		};
		3ADDC6AD2127FDB90065FC35 /* UI */ = {
			isa = PBXGroup;
			children = (
				3ADDC6AE2127FDC10065FC35 /* Components */,
			);
			path = UI;
			sourceTree = "<group>";
		};
		3ADDC6AE2127FDC10065FC35 /* Components */ = {
			isa = PBXGroup;
			children = (
				3ADDC6AF2127FE170065FC35 /* OnboardingButton.swift */,
			);
			path = Components;
			sourceTree = "<group>";
		};
		E9B72AC7F44E8506B36EC352 /* Frameworks */ = {
			isa = PBXGroup;
			children = (
				92914CDE95A8F32CFBA9A260 /* Pods_langlog.framework */,
			);
			name = Frameworks;
			sourceTree = "<group>";
		};
		F4C59BEA2302ACDF043B53E5 /* Pods */ = {
			isa = PBXGroup;
			children = (
				CA7197FB79A256A0458435B6 /* Pods-langlog.debug.xcconfig */,
				E000F4838B0ECA1E1FBE8722 /* Pods-langlog.release.xcconfig */,
			);
			name = Pods;
			sourceTree = "<group>";
		};
/* End PBXGroup section */

/* Begin PBXNativeTarget section */
		3A2449552127113600B01894 /* langlog */ = {
			isa = PBXNativeTarget;
			buildConfigurationList = 3A2449682127113800B01894 /* Build configuration list for PBXNativeTarget "langlog" */;
			buildPhases = (
				36DE51E1436C75F6527981EF /* [CP] Check Pods Manifest.lock */,
				3A2449522127113600B01894 /* Sources */,
				3A2449532127113600B01894 /* Frameworks */,
				3A2449542127113600B01894 /* Resources */,
				2D6573F5AC91264E4260F634 /* [CP] Embed Pods Frameworks */,
			);
			buildRules = (
			);
			dependencies = (
			);
			name = langlog;
			productName = langlog;
			productReference = 3A2449562127113600B01894 /* langlog.app */;
			productType = "com.apple.product-type.application";
		};
/* End PBXNativeTarget section */

/* Begin PBXProject section */
		3A24494E2127113600B01894 /* Project object */ = {
			isa = PBXProject;
			attributes = {
				LastSwiftUpdateCheck = 0930;
				LastUpgradeCheck = 0930;
				ORGANIZATIONNAME = "Anton Van Eechaute";
				TargetAttributes = {
					3A2449552127113600B01894 = {
						CreatedOnToolsVersion = 9.3.1;
						LastSwiftMigration = 1000;
					};
				};
			};
			buildConfigurationList = 3A2449512127113600B01894 /* Build configuration list for PBXProject "langlog" */;
			compatibilityVersion = "Xcode 10.0";
			developmentRegion = en;
			hasScannedForEncodings = 0;
			knownRegions = (
				en,
				Base,
			);
			mainGroup = 3A24494D2127113600B01894;
			productRefGroup = 3A2449572127113600B01894 /* Products */;
			projectDirPath = "";
			projectRoot = "";
			targets = (
				3A2449552127113600B01894 /* langlog */,
			);
		};
/* End PBXProject section */

/* Begin PBXResourcesBuildPhase section */
		3A2449542127113600B01894 /* Resources */ = {
			isa = PBXResourcesBuildPhase;
			buildActionMask = 2147483647;
			files = (
				3A2449642127113800B01894 /* LaunchScreen.storyboard in Resources */,
				3A2449612127113800B01894 /* Assets.xcassets in Resources */,
			);
			runOnlyForDeploymentPostprocessing = 0;
		};
/* End PBXResourcesBuildPhase section */

/* Begin PBXShellScriptBuildPhase section */
		2D6573F5AC91264E4260F634 /* [CP] Embed Pods Frameworks */ = {
			isa = PBXShellScriptBuildPhase;
			buildActionMask = 2147483647;
			files = (
			);
			inputPaths = (
				"${SRCROOT}/Pods/Target Support Files/Pods-langlog/Pods-langlog-frameworks.sh",
				"${BUILT_PRODUCTS_DIR}/ReactorKit/ReactorKit.framework",
				"${BUILT_PRODUCTS_DIR}/RxCocoa/RxCocoa.framework",
				"${BUILT_PRODUCTS_DIR}/RxSwift/RxSwift.framework",
				"${BUILT_PRODUCTS_DIR}/SnapKit/SnapKit.framework",
				"${BUILT_PRODUCTS_DIR}/Then/Then.framework",
				"${BUILT_PRODUCTS_DIR}/rx-coordinator/RxCoordinator.framework",
			);
			name = "[CP] Embed Pods Frameworks";
			outputPaths = (
				"${TARGET_BUILD_DIR}/${FRAMEWORKS_FOLDER_PATH}/ReactorKit.framework",
				"${TARGET_BUILD_DIR}/${FRAMEWORKS_FOLDER_PATH}/RxCocoa.framework",
				"${TARGET_BUILD_DIR}/${FRAMEWORKS_FOLDER_PATH}/RxSwift.framework",
				"${TARGET_BUILD_DIR}/${FRAMEWORKS_FOLDER_PATH}/SnapKit.framework",
				"${TARGET_BUILD_DIR}/${FRAMEWORKS_FOLDER_PATH}/Then.framework",
				"${TARGET_BUILD_DIR}/${FRAMEWORKS_FOLDER_PATH}/RxCoordinator.framework",
			);
			runOnlyForDeploymentPostprocessing = 0;
			shellPath = /bin/sh;
			shellScript = "\"${SRCROOT}/Pods/Target Support Files/Pods-langlog/Pods-langlog-frameworks.sh\"\n";
			showEnvVarsInLog = 0;
		};
		36DE51E1436C75F6527981EF /* [CP] Check Pods Manifest.lock */ = {
			isa = PBXShellScriptBuildPhase;
			buildActionMask = 2147483647;
			files = (
			);
			inputPaths = (
				"${PODS_PODFILE_DIR_PATH}/Podfile.lock",
				"${PODS_ROOT}/Manifest.lock",
			);
			name = "[CP] Check Pods Manifest.lock";
			outputPaths = (
				"$(DERIVED_FILE_DIR)/Pods-langlog-checkManifestLockResult.txt",
			);
			runOnlyForDeploymentPostprocessing = 0;
			shellPath = /bin/sh;
			shellScript = "diff \"${PODS_PODFILE_DIR_PATH}/Podfile.lock\" \"${PODS_ROOT}/Manifest.lock\" > /dev/null\nif [ $? != 0 ] ; then\n    # print error to STDERR\n    echo \"error: The sandbox is not in sync with the Podfile.lock. Run 'pod install' or update your CocoaPods installation.\" >&2\n    exit 1\nfi\n# This output is used by Xcode 'outputs' to avoid re-running this script phase.\necho \"SUCCESS\" > \"${SCRIPT_OUTPUT_FILE_0}\"\n";
			showEnvVarsInLog = 0;
		};
/* End PBXShellScriptBuildPhase section */

/* Begin PBXSourcesBuildPhase section */
		3A2449522127113600B01894 /* Sources */ = {
			isa = PBXSourcesBuildPhase;
			buildActionMask = 2147483647;
			files = (
				3ADDC6A82127F4570065FC35 /* MainRoute.swift in Sources */,
				3ADDC6A42127F20C0065FC35 /* AppCoordinator.swift in Sources */,
				3ADDC6B02127FE170065FC35 /* OnboardingButton.swift in Sources */,
				3A8F7CC521271CC600900C5D /* UIColor+hex.swift in Sources */,
				3ADDC6AC2127FD4C0065FC35 /* ViewConstructor.swift in Sources */,
				3A24495C2127113600B01894 /* WelcomeViewController.swift in Sources */,
				3A24495A2127113600B01894 /* AppDelegate.swift in Sources */,
			);
			runOnlyForDeploymentPostprocessing = 0;
		};
/* End PBXSourcesBuildPhase section */

/* Begin PBXVariantGroup section */
		3A2449622127113800B01894 /* LaunchScreen.storyboard */ = {
			isa = PBXVariantGroup;
			children = (
				3A2449632127113800B01894 /* Base */,
			);
			name = LaunchScreen.storyboard;
			sourceTree = "<group>";
		};
/* End PBXVariantGroup section */

/* Begin XCBuildConfiguration section */
		3A2449662127113800B01894 /* Debug */ = {
			isa = XCBuildConfiguration;
			buildSettings = {
				ALWAYS_SEARCH_USER_PATHS = NO;
				CLANG_ANALYZER_NONNULL = YES;
				CLANG_ANALYZER_NUMBER_OBJECT_CONVERSION = YES_AGGRESSIVE;
				CLANG_CXX_LANGUAGE_STANDARD = "gnu++14";
				CLANG_CXX_LIBRARY = "libc++";
				CLANG_ENABLE_MODULES = YES;
				CLANG_ENABLE_OBJC_ARC = YES;
				CLANG_ENABLE_OBJC_WEAK = YES;
				CLANG_WARN_BLOCK_CAPTURE_AUTORELEASING = YES;
				CLANG_WARN_BOOL_CONVERSION = YES;
				CLANG_WARN_COMMA = YES;
				CLANG_WARN_CONSTANT_CONVERSION = YES;
				CLANG_WARN_DEPRECATED_OBJC_IMPLEMENTATIONS = YES;
				CLANG_WARN_DIRECT_OBJC_ISA_USAGE = YES_ERROR;
				CLANG_WARN_DOCUMENTATION_COMMENTS = YES;
				CLANG_WARN_EMPTY_BODY = YES;
				CLANG_WARN_ENUM_CONVERSION = YES;
				CLANG_WARN_INFINITE_RECURSION = YES;
				CLANG_WARN_INT_CONVERSION = YES;
				CLANG_WARN_NON_LITERAL_NULL_CONVERSION = YES;
				CLANG_WARN_OBJC_IMPLICIT_RETAIN_SELF = YES;
				CLANG_WARN_OBJC_LITERAL_CONVERSION = YES;
				CLANG_WARN_OBJC_ROOT_CLASS = YES_ERROR;
				CLANG_WARN_RANGE_LOOP_ANALYSIS = YES;
				CLANG_WARN_STRICT_PROTOTYPES = YES;
				CLANG_WARN_SUSPICIOUS_MOVE = YES;
				CLANG_WARN_UNGUARDED_AVAILABILITY = YES_AGGRESSIVE;
				CLANG_WARN_UNREACHABLE_CODE = YES;
				CLANG_WARN__DUPLICATE_METHOD_MATCH = YES;
				CODE_SIGN_IDENTITY = "iPhone Developer";
				COPY_PHASE_STRIP = NO;
				DEBUG_INFORMATION_FORMAT = dwarf;
				ENABLE_STRICT_OBJC_MSGSEND = YES;
				ENABLE_TESTABILITY = YES;
				GCC_C_LANGUAGE_STANDARD = gnu11;
				GCC_DYNAMIC_NO_PIC = NO;
				GCC_NO_COMMON_BLOCKS = YES;
				GCC_OPTIMIZATION_LEVEL = 0;
				GCC_PREPROCESSOR_DEFINITIONS = (
					"DEBUG=1",
					"$(inherited)",
				);
				GCC_WARN_64_TO_32_BIT_CONVERSION = YES;
				GCC_WARN_ABOUT_RETURN_TYPE = YES_ERROR;
				GCC_WARN_UNDECLARED_SELECTOR = YES;
				GCC_WARN_UNINITIALIZED_AUTOS = YES_AGGRESSIVE;
				GCC_WARN_UNUSED_FUNCTION = YES;
				GCC_WARN_UNUSED_VARIABLE = YES;
				IPHONEOS_DEPLOYMENT_TARGET = 11.3;
				MTL_ENABLE_DEBUG_INFO = YES;
				ONLY_ACTIVE_ARCH = YES;
				SDKROOT = iphoneos;
				SWIFT_ACTIVE_COMPILATION_CONDITIONS = DEBUG;
				SWIFT_OPTIMIZATION_LEVEL = "-Onone";
			};
			name = Debug;
		};
		3A2449672127113800B01894 /* Release */ = {
			isa = XCBuildConfiguration;
			buildSettings = {
				ALWAYS_SEARCH_USER_PATHS = NO;
				CLANG_ANALYZER_NONNULL = YES;
				CLANG_ANALYZER_NUMBER_OBJECT_CONVERSION = YES_AGGRESSIVE;
				CLANG_CXX_LANGUAGE_STANDARD = "gnu++14";
				CLANG_CXX_LIBRARY = "libc++";
				CLANG_ENABLE_MODULES = YES;
				CLANG_ENABLE_OBJC_ARC = YES;
				CLANG_ENABLE_OBJC_WEAK = YES;
				CLANG_WARN_BLOCK_CAPTURE_AUTORELEASING = YES;
				CLANG_WARN_BOOL_CONVERSION = YES;
				CLANG_WARN_COMMA = YES;
				CLANG_WARN_CONSTANT_CONVERSION = YES;
				CLANG_WARN_DEPRECATED_OBJC_IMPLEMENTATIONS = YES;
				CLANG_WARN_DIRECT_OBJC_ISA_USAGE = YES_ERROR;
				CLANG_WARN_DOCUMENTATION_COMMENTS = YES;
				CLANG_WARN_EMPTY_BODY = YES;
				CLANG_WARN_ENUM_CONVERSION = YES;
				CLANG_WARN_INFINITE_RECURSION = YES;
				CLANG_WARN_INT_CONVERSION = YES;
				CLANG_WARN_NON_LITERAL_NULL_CONVERSION = YES;
				CLANG_WARN_OBJC_IMPLICIT_RETAIN_SELF = YES;
				CLANG_WARN_OBJC_LITERAL_CONVERSION = YES;
				CLANG_WARN_OBJC_ROOT_CLASS = YES_ERROR;
				CLANG_WARN_RANGE_LOOP_ANALYSIS = YES;
				CLANG_WARN_STRICT_PROTOTYPES = YES;
				CLANG_WARN_SUSPICIOUS_MOVE = YES;
				CLANG_WARN_UNGUARDED_AVAILABILITY = YES_AGGRESSIVE;
				CLANG_WARN_UNREACHABLE_CODE = YES;
				CLANG_WARN__DUPLICATE_METHOD_MATCH = YES;
				CODE_SIGN_IDENTITY = "iPhone Developer";
				COPY_PHASE_STRIP = NO;
				DEBUG_INFORMATION_FORMAT = "dwarf-with-dsym";
				ENABLE_NS_ASSERTIONS = NO;
				ENABLE_STRICT_OBJC_MSGSEND = YES;
				GCC_C_LANGUAGE_STANDARD = gnu11;
				GCC_NO_COMMON_BLOCKS = YES;
				GCC_WARN_64_TO_32_BIT_CONVERSION = YES;
				GCC_WARN_ABOUT_RETURN_TYPE = YES_ERROR;
				GCC_WARN_UNDECLARED_SELECTOR = YES;
				GCC_WARN_UNINITIALIZED_AUTOS = YES_AGGRESSIVE;
				GCC_WARN_UNUSED_FUNCTION = YES;
				GCC_WARN_UNUSED_VARIABLE = YES;
				IPHONEOS_DEPLOYMENT_TARGET = 11.3;
				MTL_ENABLE_DEBUG_INFO = NO;
				SDKROOT = iphoneos;
				SWIFT_COMPILATION_MODE = wholemodule;
				SWIFT_OPTIMIZATION_LEVEL = "-O";
				VALIDATE_PRODUCT = YES;
			};
			name = Release;
		};
		3A2449692127113800B01894 /* Debug */ = {
			isa = XCBuildConfiguration;
			baseConfigurationReference = CA7197FB79A256A0458435B6 /* Pods-langlog.debug.xcconfig */;
			buildSettings = {
				ASSETCATALOG_COMPILER_APPICON_NAME = AppIcon;
				CODE_SIGN_STYLE = Automatic;
				DEVELOPMENT_TEAM = LW9GKK6UGA;
				INFOPLIST_FILE = langlog/Info.plist;
				IPHONEOS_DEPLOYMENT_TARGET = 11.0;
				LD_RUNPATH_SEARCH_PATHS = (
					"$(inherited)",
					"@executable_path/Frameworks",
				);
				PRODUCT_BUNDLE_IDENTIFIER = be.antonve.langlog;
				PRODUCT_NAME = "$(TARGET_NAME)";
				SWIFT_VERSION = 4.2;
				TARGETED_DEVICE_FAMILY = "1,2";
			};
			name = Debug;
		};
		3A24496A2127113800B01894 /* Release */ = {
			isa = XCBuildConfiguration;
			baseConfigurationReference = E000F4838B0ECA1E1FBE8722 /* Pods-langlog.release.xcconfig */;
			buildSettings = {
				ASSETCATALOG_COMPILER_APPICON_NAME = AppIcon;
				CODE_SIGN_STYLE = Automatic;
				DEVELOPMENT_TEAM = LW9GKK6UGA;
				INFOPLIST_FILE = langlog/Info.plist;
				IPHONEOS_DEPLOYMENT_TARGET = 11.0;
				LD_RUNPATH_SEARCH_PATHS = (
					"$(inherited)",
					"@executable_path/Frameworks",
				);
				PRODUCT_BUNDLE_IDENTIFIER = be.antonve.langlog;
				PRODUCT_NAME = "$(TARGET_NAME)";
				SWIFT_VERSION = 4.2;
				TARGETED_DEVICE_FAMILY = "1,2";
			};
			name = Release;
		};
/* End XCBuildConfiguration section */

/* Begin XCConfigurationList section */
		3A2449512127113600B01894 /* Build configuration list for PBXProject "langlog" */ = {
			isa = XCConfigurationList;
			buildConfigurations = (
				3A2449662127113800B01894 /* Debug */,
				3A2449672127113800B01894 /* Release */,
			);
			defaultConfigurationIsVisible = 0;
			defaultConfigurationName = Release;
		};
		3A2449682127113800B01894 /* Build configuration list for PBXNativeTarget "langlog" */ = {
			isa = XCConfigurationList;
			buildConfigurations = (
				3A2449692127113800B01894 /* Debug */,
				3A24496A2127113800B01894 /* Release */,
			);
			defaultConfigurationIsVisible = 0;
			defaultConfigurationName = Release;
		};
/* End XCConfigurationList section */
	};
	rootObject = 3A24494E2127113600B01894 /* Project object */;
}
